
Microsoft Visual Studio Solution File, Format Version 12.00
# Visual Studio 15
Project("{FAE04EC0-301F-11D3-BF4B-00C04F79EFBC}") = "Assembly-CSharp", "Assembly-CSharp.csproj", "{7FB04BF9-8FB7-CE47-FDDF-6D68C694E318}"
EndProject
Project("{FAE04EC0-301F-11D3-BF4B-00C04F79EFBC}") = "Assembly-CSharp-Editor", "Assembly-CSharp-Editor.csproj", "{966C0E39-942E-0E67-B76A-A687FD7B22ED}"
EndProject
Global
	GlobalSection(SolutionConfigurationPlatforms) = preSolution
		Debug|Any CPU = Debug|Any CPU
		Release|Any CPU = Release|Any CPU
	EndGlobalSection
	GlobalSection(ProjectConfigurationPlatforms) = postSolution
		{7FB04BF9-8FB7-CE47-FDDF-6D68C694E318}.Debug|Any CPU.ActiveCfg = Debug|Any CPU
		{7FB04BF9-8FB7-CE47-FDDF-6D68C694E318}.Debug|Any CPU.Build.0 = Debug|Any CPU
		{7FB04BF9-8FB7-CE47-FDDF-6D68C694E318}.Release|Any CPU.ActiveCfg = Release|Any CPU
		{7FB04BF9-8FB7-CE47-FDDF-6D68C694E318}.Release|Any CPU.Build.0 = Release|Any CPU
		{966C0E39-942E-0E67-B76A-A687FD7B22ED}.Debug|Any CPU.ActiveCfg = Debug|Any CPU
		{966C0E39-942E-0E67-B76A-A687FD7B22ED}.Debug|Any CPU.Build.0 = Debug|Any CPU
		{966C0E39-942E-0E67-B76A-A687FD7B22ED}.Release|Any CPU.ActiveCfg = Release|Any CPU
		{966C0E39-942E-0E67-B76A-A687FD7B22ED}.Release|Any CPU.Build.0 = Release|Any CPU
	EndGlobalSection
	GlobalSection(SolutionProperties) = preSolution
		HideSolutionNode = FALSE
	EndGlobalSection
EndGlobal
